{
	"name": "fastify-marko",
	"version": "1.0.0",
	"lockfileVersion": 1,
	"requires": true,
	"dependencies": {
		"@types/async-writer": {
			"version": "1.4.30",
			"resolved": "http://registry.npm.taobao.org/@types/async-writer/download/@types/async-writer-1.4.30.tgz",
			"integrity": "sha1-zyrXGXxivW+CIKiCIoH6uch7rc4=",
			"dev": true,
			"requires": {
				"@types/node": "10.5.1"
			}
		},
		"@types/body-parser": {
			"version": "1.17.0",
			"resolved": "http://registry.npm.taobao.org/@types/body-parser/download/@types/body-parser-1.17.0.tgz",
			"integrity": "sha1-n1ydm9BLtUvjLV65/A2Ml05s9Yw=",
			"dev": true,
			"requires": {
				"@types/connect": "3.4.32",
				"@types/node": "10.5.1"
			}
		},
		"@types/connect": {
			"version": "3.4.32",
			"resolved": "http://registry.npm.taobao.org/@types/connect/download/@types/connect-3.4.32.tgz",
			"integrity": "sha1-qg6WFrlDXMrQK8UrW0VP/Cxwuig=",
			"dev": true,
			"requires": {
				"@types/node": "10.5.1"
			}
		},
		"@types/events": {
			"version": "1.2.0",
			"resolved": "http://registry.npm.taobao.org/@types/events/download/@types/events-1.2.0.tgz",
			"integrity": "sha1-gaZzHOTfQ2GeXIyUU4Oz5iqJ6oY="
		},
		"@types/express": {
			"version": "4.16.0",
			"resolved": "http://registry.npm.taobao.org/@types/express/download/@types/express-4.16.0.tgz",
			"integrity": "sha1-bYvELMqm81zymit8MzPLR7WjKhk=",
			"dev": true,
			"requires": {
				"@types/body-parser": "1.17.0",
				"@types/express-serve-static-core": "4.16.0",
				"@types/serve-static": "1.13.2"
			}
		},
		"@types/express-serve-static-core": {
			"version": "4.16.0",
			"resolved": "http://registry.npm.taobao.org/@types/express-serve-static-core/download/@types/express-serve-static-core-4.16.0.tgz",
			"integrity": "sha1-/f53dZTdwf6OuOzM5S4mG0luQ+c=",
			"dev": true,
			"requires": {
				"@types/events": "1.2.0",
				"@types/node": "10.5.1",
				"@types/range-parser": "1.2.2"
			}
		},
		"@types/marko": {
			"version": "4.6.0",
			"resolved": "http://registry.npm.taobao.org/@types/marko/download/@types/marko-4.6.0.tgz",
			"integrity": "sha1-22IkWAC0P6Nm+p+dlj5kucbmtaI=",
			"dev": true,
			"requires": {
				"@types/async-writer": "1.4.30",
				"@types/events": "1.2.0",
				"@types/express": "4.16.0",
				"@types/express-serve-static-core": "4.16.0",
				"@types/node": "10.5.1"
			}
		},
		"@types/mime": {
			"version": "2.0.0",
			"resolved": "http://registry.npm.taobao.org/@types/mime/download/@types/mime-2.0.0.tgz",
			"integrity": "sha1-WnMG42fFObn2VDSZ3o3VGfrDeos=",
			"dev": true
		},
		"@types/node": {
			"version": "10.5.1",
			"resolved": "http://registry.npm.taobao.org/@types/node/download/@types/node-10.5.1.tgz",
			"integrity": "sha1-1XhEb0q/9cC0mt6bTlJ09rrarfw="
		},
		"@types/pino": {
			"version": "4.16.0",
			"resolved": "http://registry.npm.taobao.org/@types/pino/download/@types/pino-4.16.0.tgz",
			"integrity": "sha1-gC0OjTYAmjnFyRY2NKM0QHPwS+U=",
			"requires": {
				"@types/events": "1.2.0",
				"@types/node": "10.5.1"
			}
		},
		"@types/range-parser": {
			"version": "1.2.2",
			"resolved": "http://registry.npm.taobao.org/@types/range-parser/download/@types/range-parser-1.2.2.tgz",
			"integrity": "sha1-+o4a0dR0aIp1cUDJHebazm9KvI0=",
			"dev": true
		},
		"@types/serve-static": {
			"version": "1.13.2",
			"resolved": "http://registry.npm.taobao.org/@types/serve-static/download/@types/serve-static-1.13.2.tgz",
			"integrity": "sha1-9axNemQgqZpqRa9HGfTc2M2Qekg=",
			"dev": true,
			"requires": {
				"@types/express-serve-static-core": "4.16.0",
				"@types/mime": "2.0.0"
			}
		},
		"abstract-logging": {
			"version": "1.0.0",
			"resolved": "http://registry.npm.taobao.org/abstract-logging/download/abstract-logging-1.0.0.tgz",
			"integrity": "sha1-i33q/TEFWbwo93ck3RuzAXcnjBs="
		},
		"ajv": {
			"version": "6.5.1",
			"resolved": "http://registry.npm.taobao.org/ajv/download/ajv-6.5.1.tgz",
			"integrity": "sha1-iOvBJjxxM5N9EIuAxVcuZOHZMi0=",
			"requires": {
				"fast-deep-equal": "2.0.1",
				"fast-json-stable-stringify": "2.0.0",
				"json-schema-traverse": "0.4.1",
				"uri-js": "4.2.2"
			}
		},
		"ansi-styles": {
			"version": "3.2.1",
			"resolved": "http://registry.npm.taobao.org/ansi-styles/download/ansi-styles-3.2.1.tgz",
			"integrity": "sha1-QfuyAkPlCxK+DwS43tvwdSDOhB0=",
			"requires": {
				"color-convert": "1.9.2"
			}
		},
		"app-module-path": {
			"version": "2.2.0",
			"resolved": "http://registry.npm.taobao.org/app-module-path/download/app-module-path-2.2.0.tgz",
			"integrity": "sha1-ZBqlXft9am8KgUHEucCqULbCTdU="
		},
		"argly": {
			"version": "1.2.0",
			"resolved": "http://registry.npm.taobao.org/argly/download/argly-1.2.0.tgz",
			"integrity": "sha1-KydORVGin/XnGZ0u2XiOtm7TbmA="
		},
		"arrify": {
			"version": "1.0.1",
			"resolved": "http://registry.npm.taobao.org/arrify/download/arrify-1.0.1.tgz",
			"integrity": "sha1-iYUI2iIm84DfkEcoRWhJwVAaSw0=",
			"dev": true
		},
		"assertion-error": {
			"version": "1.1.0",
			"resolved": "http://registry.npm.taobao.org/assertion-error/download/assertion-error-1.1.0.tgz",
			"integrity": "sha1-5gtrDo8wG9l+U3UhW9pAbIURjAs="
		},
		"avvio": {
			"version": "5.5.1",
			"resolved": "http://registry.npm.taobao.org/avvio/download/avvio-5.5.1.tgz",
			"integrity": "sha1-pcyvAMs6sKixvxrF340CEUmQSCc=",
			"requires": {
				"debug": "3.1.0",
				"fastq": "1.6.0"
			}
		},
		"balanced-match": {
			"version": "1.0.0",
			"resolved": "http://registry.npm.taobao.org/balanced-match/download/balanced-match-1.0.0.tgz",
			"integrity": "sha1-ibTRmasr7kneFk6gK4nORi1xt2c="
		},
		"brace-expansion": {
			"version": "1.1.11",
			"resolved": "http://registry.npm.taobao.org/brace-expansion/download/brace-expansion-1.1.11.tgz",
			"integrity": "sha1-PH/L9SnYcibz0vUrlm/1Jx60Qd0=",
			"requires": {
				"balanced-match": "1.0.0",
				"concat-map": "0.0.1"
			}
		},
		"browser-refresh-client": {
			"version": "1.1.4",
			"resolved": "http://registry.npm.taobao.org/browser-refresh-client/download/browser-refresh-client-1.1.4.tgz",
			"integrity": "sha1-jl/4R1/h1UHSroH3oa6gWuIaYhc="
		},
		"buffer-from": {
			"version": "1.1.0",
			"resolved": "http://registry.npm.taobao.org/buffer-from/download/buffer-from-1.1.0.tgz",
			"integrity": "sha1-h/yqOimDWOCt5uRCz86EB0DRrQQ=",
			"dev": true
		},
		"chai": {
			"version": "3.5.0",
			"resolved": "http://registry.npm.taobao.org/chai/download/chai-3.5.0.tgz",
			"integrity": "sha1-TQJjewZ/6Vi9v906QOxW/vc3Mkc=",
			"requires": {
				"assertion-error": "1.1.0",
				"deep-eql": "0.1.3",
				"type-detect": "1.0.0"
			}
		},
		"chalk": {
			"version": "2.4.1",
			"resolved": "http://registry.npm.taobao.org/chalk/download/chalk-2.4.1.tgz",
			"integrity": "sha1-GMSasWoDe26wFSzIPjRxM4IVtm4=",
			"requires": {
				"ansi-styles": "3.2.1",
				"escape-string-regexp": "1.0.5",
				"supports-color": "5.4.0"
			}
		},
		"char-props": {
			"version": "0.1.5",
			"resolved": "http://registry.npm.taobao.org/char-props/download/char-props-0.1.5.tgz",
			"integrity": "sha1-W5UvniDqIc0Iyn/hNaEPb+kcEJ4="
		},
		"color-convert": {
			"version": "1.9.2",
			"resolved": "http://registry.npm.taobao.org/color-convert/download/color-convert-1.9.2.tgz",
			"integrity": "sha1-SYgbj7pn3xKpa98/VsCqueeRMUc=",
			"requires": {
				"color-name": "1.1.1"
			}
		},
		"color-name": {
			"version": "1.1.1",
			"resolved": "http://registry.npm.taobao.org/color-name/download/color-name-1.1.1.tgz",
			"integrity": "sha1-SxQVMEz1ACjqgWQ2Q72C6gWANok="
		},
		"complain": {
			"version": "1.2.0",
			"resolved": "http://registry.npm.taobao.org/complain/download/complain-1.2.0.tgz",
			"integrity": "sha1-hZZKLZWseF2VsASoXfrI03gpNTI=",
			"requires": {
				"error-stack-parser": "2.0.2"
			}
		},
		"concat-map": {
			"version": "0.0.1",
			"resolved": "http://registry.npm.taobao.org/concat-map/download/concat-map-0.0.1.tgz",
			"integrity": "sha1-2Klr13/Wjfd5OnMDajug1UBdR3s="
		},
		"core-util-is": {
			"version": "1.0.2",
			"resolved": "http://registry.npm.taobao.org/core-util-is/download/core-util-is-1.0.2.tgz",
			"integrity": "sha1-tf1UIgqivFq1eqtxQMlAdUUDwac="
		},
		"debug": {
			"version": "3.1.0",
			"resolved": "http://registry.npm.taobao.org/debug/download/debug-3.1.0.tgz",
			"integrity": "sha1-W7WgZyYotkFJVmuhaBnmFRjGcmE=",
			"requires": {
				"ms": "2.0.0"
			}
		},
		"deep-eql": {
			"version": "0.1.3",
			"resolved": "http://registry.npm.taobao.org/deep-eql/download/deep-eql-0.1.3.tgz",
			"integrity": "sha1-71WKyrjeJSBs1xOQbXTlaTDrafI=",
			"requires": {
				"type-detect": "0.1.1"
			},
			"dependencies": {
				"type-detect": {
					"version": "0.1.1",
					"resolved": "http://registry.npm.taobao.org/type-detect/download/type-detect-0.1.1.tgz",
					"integrity": "sha1-C6XsKohWQORw6k6FBZcZANrFiCI="
				}
			}
		},
		"deep-is": {
			"version": "0.1.3",
			"resolved": "http://registry.npm.taobao.org/deep-is/download/deep-is-0.1.3.tgz",
			"integrity": "sha1-s2nW+128E+7PUk+RsHD+7cNXzzQ="
		},
		"deepmerge": {
			"version": "2.1.1",
			"resolved": "http://registry.npm.taobao.org/deepmerge/download/deepmerge-2.1.1.tgz",
			"integrity": "sha1-6GK05F6gVVByv1Hn/Q2YRRcK52g="
		},
		"deresolve": {
			"version": "1.1.2",
			"resolved": "http://registry.npm.taobao.org/deresolve/download/deresolve-1.1.2.tgz",
			"integrity": "sha1-nPI3nI0tYx3EuZVylLkOSnLLbOA=",
			"requires": {
				"lasso-package-root": "1.0.1",
				"raptor-polyfill": "1.0.2",
				"resolve-from": "1.0.1"
			},
			"dependencies": {
				"resolve-from": {
					"version": "1.0.1",
					"resolved": "http://registry.npm.taobao.org/resolve-from/download/resolve-from-1.0.1.tgz",
					"integrity": "sha1-Jsv+k10a7uq7Kbw/5a6wHpPUQiY="
				}
			}
		},
		"diff": {
			"version": "3.5.0",
			"resolved": "http://registry.npm.taobao.org/diff/download/diff-3.5.0.tgz",
			"integrity": "sha1-gAwN0eCov7yVg1wgKtIg/jF+WhI=",
			"dev": true
		},
		"end-of-stream": {
			"version": "1.4.1",
			"resolved": "http://registry.npm.taobao.org/end-of-stream/download/end-of-stream-1.4.1.tgz",
			"integrity": "sha1-7SljTRm6ukY7bOa4CjchPqtx7EM=",
			"requires": {
				"once": "1.4.0"
			}
		},
		"error-stack-parser": {
			"version": "2.0.2",
			"resolved": "http://registry.npm.taobao.org/error-stack-parser/download/error-stack-parser-2.0.2.tgz",
			"integrity": "sha1-Sujbqiv5CotFBwe5FJ3KvKE1Ug0=",
			"requires": {
				"stackframe": "1.0.4"
			}
		},
		"escape-string-regexp": {
			"version": "1.0.5",
			"resolved": "http://registry.npm.taobao.org/escape-string-regexp/download/escape-string-regexp-1.0.5.tgz",
			"integrity": "sha1-G2HAViGQqN/2rjuyzwIAyhMLhtQ="
		},
		"escodegen": {
			"version": "1.10.0",
			"resolved": "http://registry.npm.taobao.org/escodegen/download/escodegen-1.10.0.tgz",
			"integrity": "sha1-9kc5XeIlGfvQ2Sj/zx0X4N7CYD4=",
			"requires": {
				"esprima": "3.1.3",
				"estraverse": "4.2.0",
				"esutils": "2.0.2",
				"optionator": "0.8.2",
				"source-map": "0.6.1"
			},
			"dependencies": {
				"esprima": {
					"version": "3.1.3",
					"resolved": "http://registry.npm.taobao.org/esprima/download/esprima-3.1.3.tgz",
					"integrity": "sha1-/cpRzuYTOJXjyI1TXOSdv/YqRjM="
				}
			}
		},
		"esprima": {
			"version": "4.0.0",
			"resolved": "http://registry.npm.taobao.org/esprima/download/esprima-4.0.0.tgz",
			"integrity": "sha1-RJnt3NERDgshi6zy+n9/WfVcqAQ="
		},
		"estraverse": {
			"version": "4.2.0",
			"resolved": "http://registry.npm.taobao.org/estraverse/download/estraverse-4.2.0.tgz",
			"integrity": "sha1-De4/7TH81GlhjOc0IJn8GvoL2xM="
		},
		"esutils": {
			"version": "2.0.2",
			"resolved": "http://registry.npm.taobao.org/esutils/download/esutils-2.0.2.tgz",
			"integrity": "sha1-Cr9PHKpbyx96nYrMbepPqqBLrJs="
		},
		"events": {
			"version": "1.1.1",
			"resolved": "http://registry.npm.taobao.org/events/download/events-1.1.1.tgz",
			"integrity": "sha1-nr23Y1rQmccNzEwqH1AEKI6L2SQ="
		},
		"events-light": {
			"version": "1.0.5",
			"resolved": "http://registry.npm.taobao.org/events-light/download/events-light-1.0.5.tgz",
			"integrity": "sha1-lk5jRQugr0prAiqpVbF//vZXte4=",
			"requires": {
				"chai": "3.5.0"
			}
		},
		"fast-decode-uri-component": {
			"version": "1.0.0",
			"resolved": "http://registry.npm.taobao.org/fast-decode-uri-component/download/fast-decode-uri-component-1.0.0.tgz",
			"integrity": "sha1-fOEDNqpLJihv7pPXHmeF/w9ZajM="
		},
		"fast-deep-equal": {
			"version": "2.0.1",
			"resolved": "http://registry.npm.taobao.org/fast-deep-equal/download/fast-deep-equal-2.0.1.tgz",
			"integrity": "sha1-ewUhjd+WZ79/Nwv3/bLLFf3Qqkk="
		},
		"fast-json-parse": {
			"version": "1.0.3",
			"resolved": "http://registry.npm.taobao.org/fast-json-parse/download/fast-json-parse-1.0.3.tgz",
			"integrity": "sha1-Q+XGHuTvqSZWMwRrdw+2gqdXfE0="
		},
		"fast-json-stable-stringify": {
			"version": "2.0.0",
			"resolved": "http://registry.npm.taobao.org/fast-json-stable-stringify/download/fast-json-stable-stringify-2.0.0.tgz",
			"integrity": "sha1-1RQsDK7msRifh9OnYREGT4bIu/I="
		},
		"fast-json-stringify": {
			"version": "1.5.4",
			"resolved": "http://registry.npm.taobao.org/fast-json-stringify/download/fast-json-stringify-1.5.4.tgz",
			"integrity": "sha1-0PZbwsP5AQed5pKZ3Ev5q/DmGbo=",
			"requires": {
				"ajv": "6.5.1",
				"deepmerge": "2.1.1"
			}
		},
		"fast-levenshtein": {
			"version": "2.0.6",
			"resolved": "http://registry.npm.taobao.org/fast-levenshtein/download/fast-levenshtein-2.0.6.tgz",
			"integrity": "sha1-PYpcZog6FqMMqGQ+hR8Zuqd5eRc="
		},
		"fast-safe-stringify": {
			"version": "1.2.3",
			"resolved": "http://registry.npm.taobao.org/fast-safe-stringify/download/fast-safe-stringify-1.2.3.tgz",
			"integrity": "sha1-n+IsN/svf4bwa48AQ3fb+PHue8E="
		},
		"fastify": {
			"version": "1.7.0",
			"resolved": "http://registry.npm.taobao.org/fastify/download/fastify-1.7.0.tgz",
			"integrity": "sha1-2rTZsngI+eRY25EozKEST2+D+i4=",
			"requires": {
				"@types/pino": "4.16.0",
				"abstract-logging": "1.0.0",
				"ajv": "6.5.1",
				"avvio": "5.5.1",
				"end-of-stream": "1.4.1",
				"fast-json-stringify": "1.5.4",
				"find-my-way": "1.14.1",
				"flatstr": "1.0.8",
				"light-my-request": "2.0.2",
				"middie": "3.1.0",
				"pino": "4.17.3",
				"tiny-lru": "1.6.1"
			}
		},
		"fastify-plugin": {
			"version": "0.2.2",
			"resolved": "http://registry.npm.taobao.org/fastify-plugin/download/fastify-plugin-0.2.2.tgz",
			"integrity": "sha1-4BtnaF/QLoftyYZwzirP4lGixxU=",
			"requires": {
				"semver": "5.5.0"
			}
		},
		"fastq": {
			"version": "1.6.0",
			"resolved": "http://registry.npm.taobao.org/fastq/download/fastq-1.6.0.tgz",
			"integrity": "sha1-Tsijj0rCXyFJJnOtt+rpz+9H0cI=",
			"requires": {
				"reusify": "1.0.4"
			}
		},
		"find-my-way": {
			"version": "1.14.1",
			"resolved": "http://registry.npm.taobao.org/find-my-way/download/find-my-way-1.14.1.tgz",
			"integrity": "sha1-/Oij0glbtJ5oo+W0ezhTa+akliA=",
			"requires": {
				"fast-decode-uri-component": "1.0.0",
				"safe-regex": "1.1.0",
				"semver-store": "0.2.2"
			}
		},
		"flatstr": {
			"version": "1.0.8",
			"resolved": "http://registry.npm.taobao.org/flatstr/download/flatstr-1.0.8.tgz",
			"integrity": "sha1-DoSSKXUfK59qCRn46B4SKehLqQE="
		},
		"has-flag": {
			"version": "3.0.0",
			"resolved": "http://registry.npm.taobao.org/has-flag/download/has-flag-3.0.0.tgz",
			"integrity": "sha1-tdRU3CGZriJWmfNGfloH87lVuv0="
		},
		"hashlru": {
			"version": "2.2.1",
			"resolved": "http://registry.npm.taobao.org/hashlru/download/hashlru-2.2.1.tgz",
			"integrity": "sha1-EPIJmg18BaQPK+r1wdOc8vfavzY="
		},
		"he": {
			"version": "1.1.1",
			"resolved": "http://registry.npm.taobao.org/he/download/he-1.1.1.tgz",
			"integrity": "sha1-k0EP0hsAlzUVH4howvJx80J+I/0="
		},
		"htmljs-parser": {
			"version": "2.3.2",
			"resolved": "http://registry.npm.taobao.org/htmljs-parser/download/htmljs-parser-2.3.2.tgz",
			"integrity": "sha1-HMW/mCSgkcKIILM+r3gIOo6qhWw=",
			"requires": {
				"char-props": "0.1.5",
				"complain": "1.2.0"
			}
		},
		"inherits": {
			"version": "2.0.3",
			"resolved": "http://registry.npm.taobao.org/inherits/download/inherits-2.0.3.tgz",
			"integrity": "sha1-Yzwsg+PaQqUC9SRmAiSA9CCCYd4="
		},
		"isarray": {
			"version": "1.0.0",
			"resolved": "http://registry.npm.taobao.org/isarray/download/isarray-1.0.0.tgz",
			"integrity": "sha1-u5NdSFgsuhaMBoNJV6VKPgcSTxE="
		},
		"json-schema-traverse": {
			"version": "0.4.1",
			"resolved": "http://registry.npm.taobao.org/json-schema-traverse/download/json-schema-traverse-0.4.1.tgz",
			"integrity": "sha1-afaofZUTq4u4/mO9sJecRI5oRmA="
		},
		"lasso-caching-fs": {
			"version": "1.0.2",
			"resolved": "http://registry.npm.taobao.org/lasso-caching-fs/download/lasso-caching-fs-1.0.2.tgz",
			"integrity": "sha1-m+TrHwaqwSYDRMrq70LC8AhusQ0=",
			"requires": {
				"raptor-async": "1.1.3"
			}
		},
		"lasso-modules-client": {
			"version": "2.0.5",
			"resolved": "http://registry.npm.taobao.org/lasso-modules-client/download/lasso-modules-client-2.0.5.tgz",
			"integrity": "sha1-2aBnJKkAl3Y2lxZn7pwXDS/E3Sg=",
			"requires": {
				"lasso-package-root": "1.0.1",
				"raptor-polyfill": "1.0.2"
			}
		},
		"lasso-package-root": {
			"version": "1.0.1",
			"resolved": "http://registry.npm.taobao.org/lasso-package-root/download/lasso-package-root-1.0.1.tgz",
			"integrity": "sha1-mX0OcfQdA8Xw+gmlvCmNeW+LLCM=",
			"requires": {
				"lasso-caching-fs": "1.0.2"
			}
		},
		"levn": {
			"version": "0.3.0",
			"resolved": "http://registry.npm.taobao.org/levn/download/levn-0.3.0.tgz",
			"integrity": "sha1-OwmSTt+fCDwEkP3UwLxEIeBHZO4=",
			"requires": {
				"prelude-ls": "1.1.2",
				"type-check": "0.3.2"
			}
		},
		"light-my-request": {
			"version": "2.0.2",
			"resolved": "http://registry.npm.taobao.org/light-my-request/download/light-my-request-2.0.2.tgz",
			"integrity": "sha1-GRI/tsa3RqZDQz2eP2388RjpUUc=",
			"requires": {
				"ajv": "6.5.1",
				"readable-stream": "2.3.6",
				"safe-buffer": "5.1.2"
			}
		},
		"listener-tracker": {
			"version": "2.0.0",
			"resolved": "http://registry.npm.taobao.org/listener-tracker/download/listener-tracker-2.0.0.tgz",
			"integrity": "sha1-OWCLQ1wJAfpVECF8FFJyjWvBm18="
		},
		"make-error": {
			"version": "1.3.4",
			"resolved": "http://registry.npm.taobao.org/make-error/download/make-error-1.3.4.tgz",
			"integrity": "sha1-GZeO1XX56VRdL/jBPjO10Ypn1TU=",
			"dev": true
		},
		"marko": {
			"version": "4.11.4",
			"resolved": "http://registry.npm.taobao.org/marko/download/marko-4.11.4.tgz",
			"integrity": "sha1-kwjGCAfNAc6QYyImXgUrPtAX+TE=",
			"requires": {
				"app-module-path": "2.2.0",
				"argly": "1.2.0",
				"browser-refresh-client": "1.1.4",
				"char-props": "0.1.5",
				"complain": "1.2.0",
				"deresolve": "1.1.2",
				"escodegen": "1.10.0",
				"esprima": "4.0.0",
				"estraverse": "4.2.0",
				"events": "1.1.1",
				"events-light": "1.0.5",
				"he": "1.1.1",
				"htmljs-parser": "2.3.2",
				"lasso-caching-fs": "1.0.2",
				"lasso-modules-client": "2.0.5",
				"lasso-package-root": "1.0.1",
				"listener-tracker": "2.0.0",
				"minimatch": "3.0.4",
				"object-assign": "4.1.1",
				"property-handlers": "1.1.1",
				"raptor-json": "1.1.0",
				"raptor-polyfill": "1.0.2",
				"raptor-promises": "1.0.3",
				"raptor-regexp": "1.0.1",
				"raptor-util": "3.2.0",
				"resolve-from": "2.0.0",
				"shorthash": "0.0.2",
				"simple-sha1": "2.1.1",
				"strip-json-comments": "2.0.1",
				"try-require": "1.2.1",
				"warp10": "1.3.6"
			}
		},
		"middie": {
			"version": "3.1.0",
			"resolved": "http://registry.npm.taobao.org/middie/download/middie-3.1.0.tgz",
			"integrity": "sha1-mZhqFm6Cf9CwyPpV9e4o57bCPZ8=",
			"requires": {
				"path-to-regexp": "2.2.1",
				"reusify": "1.0.4"
			}
		},
		"minimatch": {
			"version": "3.0.4",
			"resolved": "http://registry.npm.taobao.org/minimatch/download/minimatch-3.0.4.tgz",
			"integrity": "sha1-UWbihkV/AzBgZL5Ul+jbsMPTIIM=",
			"requires": {
				"brace-expansion": "1.1.11"
			}
		},
		"minimist": {
			"version": "1.2.0",
			"resolved": "http://registry.npm.taobao.org/minimist/download/minimist-1.2.0.tgz",
			"integrity": "sha1-o1AIsg9BOD7sH7kU9M1d95omQoQ=",
			"dev": true
		},
		"mkdirp": {
			"version": "0.5.1",
			"resolved": "http://registry.npm.taobao.org/mkdirp/download/mkdirp-0.5.1.tgz",
			"integrity": "sha1-MAV0OOrGz3+MR2fzhkjWaX11yQM=",
			"dev": true,
			"requires": {
				"minimist": "0.0.8"
			},
			"dependencies": {
				"minimist": {
					"version": "0.0.8",
					"resolved": "http://registry.npm.taobao.org/minimist/download/minimist-0.0.8.tgz",
					"integrity": "sha1-hX/Kv8M5fSYluCKCYuhqp6ARsF0=",
					"dev": true
				}
			}
		},
		"ms": {
			"version": "2.0.0",
			"resolved": "http://registry.npm.taobao.org/ms/download/ms-2.0.0.tgz",
			"integrity": "sha1-VgiurfwAvmwpAd9fmGF4jeDVl8g="
		},
		"object-assign": {
			"version": "4.1.1",
			"resolved": "http://registry.npm.taobao.org/object-assign/download/object-assign-4.1.1.tgz",
			"integrity": "sha1-IQmtx5ZYh8/AXLvUQsrIv7s2CGM="
		},
		"once": {
			"version": "1.4.0",
			"resolved": "http://registry.npm.taobao.org/once/download/once-1.4.0.tgz",
			"integrity": "sha1-WDsap3WWHUsROsF9nFC6753Xa9E=",
			"requires": {
				"wrappy": "1.0.2"
			}
		},
		"optionator": {
			"version": "0.8.2",
			"resolved": "http://registry.npm.taobao.org/optionator/download/optionator-0.8.2.tgz",
			"integrity": "sha1-NkxeQJ0/TWMB1sC0wFu6UBgK62Q=",
			"requires": {
				"deep-is": "0.1.3",
				"fast-levenshtein": "2.0.6",
				"levn": "0.3.0",
				"prelude-ls": "1.1.2",
				"type-check": "0.3.2",
				"wordwrap": "1.0.0"
			}
		},
		"path-to-regexp": {
			"version": "2.2.1",
			"resolved": "http://registry.npm.taobao.org/path-to-regexp/download/path-to-regexp-2.2.1.tgz",
			"integrity": "sha1-kLYXAloWOBqHm8gqONTovesrz0U="
		},
		"pino": {
			"version": "4.17.3",
			"resolved": "http://registry.npm.taobao.org/pino/download/pino-4.17.3.tgz",
			"integrity": "sha1-NTbqNvYlg1a6iJHRjb8a/tQfzwk=",
			"requires": {
				"chalk": "2.4.1",
				"fast-json-parse": "1.0.3",
				"fast-safe-stringify": "1.2.3",
				"flatstr": "1.0.8",
				"pino-std-serializers": "2.1.0",
				"pump": "3.0.0",
				"quick-format-unescaped": "1.1.2",
				"split2": "2.2.0"
			}
		},
		"pino-std-serializers": {
			"version": "2.1.0",
			"resolved": "http://registry.npm.taobao.org/pino-std-serializers/download/pino-std-serializers-2.1.0.tgz",
			"integrity": "sha1-AZU9yuzV9DszHs8uMSpJyf1khRw="
		},
		"point-of-view": {
			"version": "1.1.0",
			"resolved": "http://registry.npm.taobao.org/point-of-view/download/point-of-view-1.1.0.tgz",
			"integrity": "sha1-PZkYT11qmdA5dlnD2s9AOdjsBww=",
			"requires": {
				"fastify-plugin": "0.2.2",
				"hashlru": "2.2.1"
			}
		},
		"prelude-ls": {
			"version": "1.1.2",
			"resolved": "http://registry.npm.taobao.org/prelude-ls/download/prelude-ls-1.1.2.tgz",
			"integrity": "sha1-IZMqVJ9eUv/ZqCf1cOBL5iqX2lQ="
		},
		"process-nextick-args": {
			"version": "2.0.0",
			"resolved": "http://registry.npm.taobao.org/process-nextick-args/download/process-nextick-args-2.0.0.tgz",
			"integrity": "sha1-o31zL0JxtKsa0HDTVQjoKQeI/6o="
		},
		"property-handlers": {
			"version": "1.1.1",
			"resolved": "http://registry.npm.taobao.org/property-handlers/download/property-handlers-1.1.1.tgz",
			"integrity": "sha1-yyDTIqq32U//rCj0bJGGvVlHtLQ="
		},
		"pump": {
			"version": "3.0.0",
			"resolved": "http://registry.npm.taobao.org/pump/download/pump-3.0.0.tgz",
			"integrity": "sha1-tKIRaBW94vTh6mAjVOjHVWUQemQ=",
			"requires": {
				"end-of-stream": "1.4.1",
				"once": "1.4.0"
			}
		},
		"punycode": {
			"version": "2.1.1",
			"resolved": "http://registry.npm.taobao.org/punycode/download/punycode-2.1.1.tgz",
			"integrity": "sha1-tYsBCsQMIsVldhbI0sLALHv0eew="
		},
		"q": {
			"version": "1.5.1",
			"resolved": "http://registry.npm.taobao.org/q/download/q-1.5.1.tgz",
			"integrity": "sha1-fjL3W0E4EpHQRhHxvxQQmsAGUdc="
		},
		"quick-format-unescaped": {
			"version": "1.1.2",
			"resolved": "http://registry.npm.taobao.org/quick-format-unescaped/download/quick-format-unescaped-1.1.2.tgz",
			"integrity": "sha1-DKWB3jF0vs7yWsPC6JVjQjgdtpg=",
			"requires": {
				"fast-safe-stringify": "1.2.3"
			}
		},
		"raptor-async": {
			"version": "1.1.3",
			"resolved": "http://registry.npm.taobao.org/raptor-async/download/raptor-async-1.1.3.tgz",
			"integrity": "sha1-uDw8m2A9yYXCw6n3jStAc+b2Akw="
		},
		"raptor-json": {
			"version": "1.1.0",
			"resolved": "http://registry.npm.taobao.org/raptor-json/download/raptor-json-1.1.0.tgz",
			"integrity": "sha1-cL0JsU5k99MuxQzOg3fWApwPCHY=",
			"requires": {
				"raptor-strings": "1.0.2"
			}
		},
		"raptor-polyfill": {
			"version": "1.0.2",
			"resolved": "http://registry.npm.taobao.org/raptor-polyfill/download/raptor-polyfill-1.0.2.tgz",
			"integrity": "sha1-ZXW852JUDYRAVtcc7xFmJIj1E+0="
		},
		"raptor-promises": {
			"version": "1.0.3",
			"resolved": "http://registry.npm.taobao.org/raptor-promises/download/raptor-promises-1.0.3.tgz",
			"integrity": "sha1-1XaxEOBCNlT3/fFyHijULk3DwOs=",
			"requires": {
				"q": "1.5.1",
				"raptor-util": "1.1.2"
			},
			"dependencies": {
				"raptor-util": {
					"version": "1.1.2",
					"resolved": "http://registry.npm.taobao.org/raptor-util/download/raptor-util-1.1.2.tgz",
					"integrity": "sha1-8u6AdqmuPq4uZWcuRqIgB0+i3/M="
				}
			}
		},
		"raptor-regexp": {
			"version": "1.0.1",
			"resolved": "http://registry.npm.taobao.org/raptor-regexp/download/raptor-regexp-1.0.1.tgz",
			"integrity": "sha1-7PD2bGZxwM2fXkjDcFAmxVCZlcA="
		},
		"raptor-strings": {
			"version": "1.0.2",
			"resolved": "http://registry.npm.taobao.org/raptor-strings/download/raptor-strings-1.0.2.tgz",
			"integrity": "sha1-ks4ssBU6/pBHDYA5oCVbTPM6tfw=",
			"requires": {
				"raptor-polyfill": "1.0.2"
			}
		},
		"raptor-util": {
			"version": "3.2.0",
			"resolved": "http://registry.npm.taobao.org/raptor-util/download/raptor-util-3.2.0.tgz",
			"integrity": "sha1-I7DIA8jxrIocrmfZpjiLSRYcl1g="
		},
		"readable-stream": {
			"version": "2.3.6",
			"resolved": "http://registry.npm.taobao.org/readable-stream/download/readable-stream-2.3.6.tgz",
			"integrity": "sha1-sRwn2IuP8fvgcGQ8+UsMea4bCq8=",
			"requires": {
				"core-util-is": "1.0.2",
				"inherits": "2.0.3",
				"isarray": "1.0.0",
				"process-nextick-args": "2.0.0",
				"safe-buffer": "5.1.2",
				"string_decoder": "1.1.1",
				"util-deprecate": "1.0.2"
			}
		},
		"resolve-from": {
			"version": "2.0.0",
			"resolved": "http://registry.npm.taobao.org/resolve-from/download/resolve-from-2.0.0.tgz",
			"integrity": "sha1-lICrIOlP+h2egKgEx+oUdhGWa1c="
		},
		"ret": {
			"version": "0.1.15",
			"resolved": "http://registry.npm.taobao.org/ret/download/ret-0.1.15.tgz",
			"integrity": "sha1-uKSCXVvbH8P29Twrwz+BOIaBx7w="
		},
		"reusify": {
			"version": "1.0.4",
			"resolved": "http://registry.npm.taobao.org/reusify/download/reusify-1.0.4.tgz",
			"integrity": "sha1-kNo4Kx4SbvwCFG6QhFqI2xKSXXY="
		},
		"rusha": {
			"version": "0.8.13",
			"resolved": "http://registry.npm.taobao.org/rusha/download/rusha-0.8.13.tgz",
			"integrity": "sha1-mghOe4YLF7/zAVuSxnpqM2GRUTo="
		},
		"safe-buffer": {
			"version": "5.1.2",
			"resolved": "http://registry.npm.taobao.org/safe-buffer/download/safe-buffer-5.1.2.tgz",
			"integrity": "sha1-mR7GnSluAxN0fVm9/St0XDX4go0="
		},
		"safe-regex": {
			"version": "1.1.0",
			"resolved": "http://registry.npm.taobao.org/safe-regex/download/safe-regex-1.1.0.tgz",
			"integrity": "sha1-QKNmnzsHfR6UPURinhV91IAjvy4=",
			"requires": {
				"ret": "0.1.15"
			}
		},
		"semver": {
			"version": "5.5.0",
			"resolved": "http://registry.npm.taobao.org/semver/download/semver-5.5.0.tgz",
			"integrity": "sha1-3Eu8emyp2Rbe5dQ1FvAJK1j3uKs="
		},
		"semver-store": {
			"version": "0.2.2",
			"resolved": "http://registry.npm.taobao.org/semver-store/download/semver-store-0.2.2.tgz",
			"integrity": "sha1-5sZeTpTi5fZi4e+qqBEtrjAsvc8="
		},
		"shorthash": {
			"version": "0.0.2",
			"resolved": "http://registry.npm.taobao.org/shorthash/download/shorthash-0.0.2.tgz",
			"integrity": "sha1-WbJo7sveWQOLMNogK8+93rLEpOs="
		},
		"simple-sha1": {
			"version": "2.1.1",
			"resolved": "http://registry.npm.taobao.org/simple-sha1/download/simple-sha1-2.1.1.tgz",
			"integrity": "sha1-k/O38ujf3AVsMnk+XUe1jTEbFA0=",
			"requires": {
				"rusha": "0.8.13"
			}
		},
		"source-map": {
			"version": "0.6.1",
			"resolved": "http://registry.npm.taobao.org/source-map/download/source-map-0.6.1.tgz",
			"integrity": "sha1-dHIq8y6WFOnCh6jQu95IteLxomM="
		},
		"source-map-support": {
			"version": "0.5.6",
			"resolved": "http://registry.npm.taobao.org/source-map-support/download/source-map-support-0.5.6.tgz",
			"integrity": "sha1-RDXO5Gsaq2K46GEM5g94gJHFHBM=",
			"dev": true,
			"requires": {
				"buffer-from": "1.1.0",
				"source-map": "0.6.1"
			}
		},
		"split2": {
			"version": "2.2.0",
			"resolved": "http://registry.npm.taobao.org/split2/download/split2-2.2.0.tgz",
			"integrity": "sha1-GGsldbz4PoW30YRldWI47k7kJJM=",
			"requires": {
				"through2": "2.0.3"
			}
		},
		"stackframe": {
			"version": "1.0.4",
			"resolved": "http://registry.npm.taobao.org/stackframe/download/stackframe-1.0.4.tgz",
			"integrity": "sha1-NXskqZL5Qny6a1RdlqFO0svKGHs="
		},
		"string_decoder": {
			"version": "1.1.1",
			"resolved": "http://registry.npm.taobao.org/string_decoder/download/string_decoder-1.1.1.tgz",
			"integrity": "sha1-nPFhG6YmhdcDCunkujQUnDrwP8g=",
			"requires": {
				"safe-buffer": "5.1.2"
			}
		},
		"strip-json-comments": {
			"version": "2.0.1",
			"resolved": "http://registry.npm.taobao.org/strip-json-comments/download/strip-json-comments-2.0.1.tgz",
			"integrity": "sha1-PFMZQukIwml8DsNEhYwobHygpgo="
		},
		"supports-color": {
			"version": "5.4.0",
			"resolved": "http://registry.npm.taobao.org/supports-color/download/supports-color-5.4.0.tgz",
			"integrity": "sha1-HGszdALCE3YF7+GfEP7DkPb6q1Q=",
			"requires": {
				"has-flag": "3.0.0"
			}
		},
		"through2": {
			"version": "2.0.3",
			"resolved": "http://registry.npm.taobao.org/through2/download/through2-2.0.3.tgz",
			"integrity": "sha1-AARWmzfHx0ujnEPzzteNGtlBQL4=",
			"requires": {
				"readable-stream": "2.3.6",
				"xtend": "4.0.1"
			}
		},
		"tiny-lru": {
			"version": "1.6.1",
			"resolved": "http://registry.npm.taobao.org/tiny-lru/download/tiny-lru-1.6.1.tgz",
			"integrity": "sha1-rdtcBDMR0fB806gdcGrnObjv67E="
		},
		"try-require": {
			"version": "1.2.1",
			"resolved": "http://registry.npm.taobao.org/try-require/download/try-require-1.2.1.tgz",
			"integrity": "sha1-NEiaLKwMCcHMEO2RugEVlNQzO+I="
		},
		"ts-node": {
			"version": "7.0.0",
			"resolved": "http://registry.npm.taobao.org/ts-node/download/ts-node-7.0.0.tgz",
			"integrity": "sha1-qUoTx15eGqa4KBS4TGjeszm6e/8=",
			"dev": true,
			"requires": {
				"arrify": "1.0.1",
				"buffer-from": "1.1.0",
				"diff": "3.5.0",
				"make-error": "1.3.4",
				"minimist": "1.2.0",
				"mkdirp": "0.5.1",
				"source-map-support": "0.5.6",
				"yn": "2.0.0"
			}
		},
		"type-check": {
			"version": "0.3.2",
			"resolved": "http://registry.npm.taobao.org/type-check/download/type-check-0.3.2.tgz",
			"integrity": "sha1-WITKtRLPHTVeP7eE8wgEsrUg23I=",
			"requires": {
				"prelude-ls": "1.1.2"
			}
		},
		"type-detect": {
			"version": "1.0.0",
			"resolved": "http://registry.npm.taobao.org/type-detect/download/type-detect-1.0.0.tgz",
			"integrity": "sha1-diIXzAbbJY7EiQihKY6LlRIejqI="
		},
		"typescript": {
			"version": "2.9.2",
			"resolved": "http://registry.npm.taobao.org/typescript/download/typescript-2.9.2.tgz",
			"integrity": "sha1-HL9h0F1rliaSROtqO85L2RTg8Aw=",
			"dev": true
		},
		"uri-js": {
			"version": "4.2.2",
			"resolved": "http://registry.npm.taobao.org/uri-js/download/uri-js-4.2.2.tgz",
			"integrity": "sha1-lMVA4f93KVbiKZUHwBCupsiDjrA=",
			"requires": {
				"punycode": "2.1.1"
			}
		},
		"util-deprecate": {
			"version": "1.0.2",
			"resolved": "http://registry.npm.taobao.org/util-deprecate/download/util-deprecate-1.0.2.tgz",
			"integrity": "sha1-RQ1Nyfpw3nMnYvvS1KKJgUGaDM8="
		},
		"warp10": {
			"version": "1.3.6",
			"resolved": "http://registry.npm.taobao.org/warp10/download/warp10-1.3.6.tgz",
			"integrity": "sha1-7f//TwY4LS5Gm6iMz8uVu4HTvaY="
		},
		"wordwrap": {
			"version": "1.0.0",
			"resolved": "http://registry.npm.taobao.org/wordwrap/download/wordwrap-1.0.0.tgz",
			"integrity": "sha1-J1hIEIkUVqQXHI0CJkQa3pDLyus="
		},
		"wrappy": {
			"version": "1.0.2",
			"resolved": "http://registry.npm.taobao.org/wrappy/download/wrappy-1.0.2.tgz",
			"integrity": "sha1-tSQ9jz7BqjXxNkYFvA0QNuMKtp8="
		},
		"xtend": {
			"version": "4.0.1",
			"resolved": "http://registry.npm.taobao.org/xtend/download/xtend-4.0.1.tgz",
			"integrity": "sha1-pcbVMr5lbiPbgg77lDofBJmNY68="
		},
		"yn": {
			"version": "2.0.0",
			"resolved": "http://registry.npm.taobao.org/yn/download/yn-2.0.0.tgz",
			"integrity": "sha1-5a2ryKz0CPY4X8dklWhMiOavaJo=",
			"dev": true
		}
	}
}
